
Microsoft Visual Studio Solution File, Format Version 11.00
# Visual C++ Express 2010
Project("{8BC9CEB8-8B4A-11D0-8D11-00A0C91BC942}") = "Tracker7", "Tracker7\Tracker7.vcxproj", "{C7EDE96F-F3F0-4E19-9840-7F4CE5B7F415}"
EndProject
Global
	GlobalSection(SolutionConfigurationPlatforms) = preSolution
		Debug|Win32 = Debug|Win32
		Release|Win32 = Release|Win32
	EndGlobalSection
	GlobalSection(ProjectConfigurationPlatforms) = postSolution
		{C7EDE96F-F3F0-4E19-9840-7F4CE5B7F415}.Debug|Win32.ActiveCfg = Debug|Win32
		{C7EDE96F-F3F0-4E19-9840-7F4CE5B7F415}.Debug|Win32.Build.0 = Debug|Win32
		{C7EDE96F-F3F0-4E19-9840-7F4CE5B7F415}.Release|Win32.ActiveCfg = Release|Win32
		{C7EDE96F-F3F0-4E19-9840-7F4CE5B7F415}.Release|Win32.Build.0 = Release|Win32
	EndGlobalSection
	GlobalSection(SolutionProperties) = preSolution
		HideSolutionNode = FALSE
	EndGlobalSection
EndGlobal
