
Microsoft Visual Studio Solution File, Format Version 11.00
# Visual C++ Express 2010
Project("{8BC9CEB8-8B4A-11D0-8D11-00A0C91BC942}") = "Tracker8", "Tracker8\Tracker8.vcxproj", "{40389751-B33F-488D-93CC-1F51B99969E5}"
EndProject
Global
	GlobalSection(SolutionConfigurationPlatforms) = preSolution
		Debug|Win32 = Debug|Win32
		Debug|Win64 = Debug|Win64
		Release|Win32 = Release|Win32
		Release|Win64 = Release|Win64
	EndGlobalSection
	GlobalSection(ProjectConfigurationPlatforms) = postSolution
		{40389751-B33F-488D-93CC-1F51B99969E5}.Debug|Win32.ActiveCfg = Debug|Win32
		{40389751-B33F-488D-93CC-1F51B99969E5}.Debug|Win32.Build.0 = Debug|Win32
		{40389751-B33F-488D-93CC-1F51B99969E5}.Debug|Win64.ActiveCfg = Debug|Win32
		{40389751-B33F-488D-93CC-1F51B99969E5}.Debug|Win64.Build.0 = Debug|Win32
		{40389751-B33F-488D-93CC-1F51B99969E5}.Release|Win32.ActiveCfg = Release|Win32
		{40389751-B33F-488D-93CC-1F51B99969E5}.Release|Win32.Build.0 = Release|Win32
		{40389751-B33F-488D-93CC-1F51B99969E5}.Release|Win64.ActiveCfg = Release|Win32
		{40389751-B33F-488D-93CC-1F51B99969E5}.Release|Win64.Build.0 = Release|Win32
	EndGlobalSection
	GlobalSection(SolutionProperties) = preSolution
		HideSolutionNode = FALSE
	EndGlobalSection
EndGlobal
